// !$*UTF8*$!
{
	archiveVersion = 1;
	classes = {
	};
	objectVersion = 46;
	objects = {

/* Begin PBXBuildFile section */
		A803AC2B1C42962A00B563CB /* main.cpp in Sources */ = {isa = PBXBuildFile; fileRef = A803AC2A1C42962A00B563CB /* main.cpp */; };
/* End PBXBuildFile section */

/* Begin PBXCopyFilesBuildPhase section */
		A803AC251C42962A00B563CB /* CopyFiles */ = {
			isa = PBXCopyFilesBuildPhase;
			buildActionMask = 2147483647;
			dstPath = /usr/share/man/man1/;
			dstSubfolderSpec = 0;
			files = (
			);
			runOnlyForDeploymentPostprocessing = 1;
		};
/* End PBXCopyFilesBuildPhase section */

/* Begin PBXFileReference section */
		A803AC271C42962A00B563CB /* HTML MACRONATOR */ = {isa = PBXFileReference; explicitFileType = "compiled.mach-o.executable"; includeInIndex = 0; path = "HTML MACRONATOR"; sourceTree = BUILT_PRODUCTS_DIR; };
		A803AC2A1C42962A00B563CB /* main.cpp */ = {isa = PBXFileReference; lastKnownFileType = sourcecode.cpp.cpp; path = main.cpp; sourceTree = "<group>"; };
		A8A55CC41C7AE1F6009939D6 /* h.h */ = {isa = PBXFileReference; lastKnownFileType = sourcecode.c.h; name = h.h; path = ../h.h; sourceTree = "<group>"; };
/* End PBXFileReference section */

/* Begin PBXFrameworksBuildPhase section */
		A803AC241C42962A00B563CB /* Frameworks */ = {
			isa = PBXFrameworksBuildPhase;
			buildActionMask = 2147483647;
			files = (
			);
			runOnlyForDeploymentPostprocessing = 0;
		};
/* End PBXFrameworksBuildPhase section */

/* Begin PBXGroup section */
		A803AC1E1C42962A00B563CB = {
			isa = PBXGroup;
			children = (
				A803AC291C42962A00B563CB /* HTML MACRONATOR */,
				A803AC281C42962A00B563CB /* Products */,
			);
			sourceTree = "<group>";
		};
		A803AC281C42962A00B563CB /* Products */ = {
			isa = PBXGroup;
			children = (
				A803AC271C42962A00B563CB /* HTML MACRONATOR */,
			);
			name = Products;
			sourceTree = "<group>";
		};
		A803AC291C42962A00B563CB /* HTML MACRONATOR */ = {
			isa = PBXGroup;
			children = (
				A8A55CC41C7AE1F6009939D6 /* h.h */,
				A803AC2A1C42962A00B563CB /* main.cpp */,
			);
			path = "HTML MACRONATOR";
			sourceTree = "<group>";
		};
/* End PBXGroup section */

/* Begin PBXNativeTarget section */
		A803AC261C42962A00B563CB /* HTML MACRONATOR */ = {
			isa = PBXNativeTarget;
			buildConfigurationList = A803AC2E1C42962A00B563CB /* Build configuration list for PBXNativeTarget "HTML MACRONATOR" */;
			buildPhases = (
				A803AC231C42962A00B563CB /* Sources */,
				A803AC241C42962A00B563CB /* Frameworks */,
				A803AC251C42962A00B563CB /* CopyFiles */,
			);
			buildRules = (
			);
			dependencies = (
			);
			name = "HTML MACRONATOR";
			productName = "HTML MACRONATOR";
			productReference = A803AC271C42962A00B563CB /* HTML MACRONATOR */;
			productType = "com.apple.product-type.tool";
		};
/* End PBXNativeTarget section */

/* Begin PBXProject section */
		A803AC1F1C42962A00B563CB /* Project object */ = {
			isa = PBXProject;
			attributes = {
				LastUpgradeCheck = 0640;
				ORGANIZATIONNAME = Praesent;
				TargetAttributes = {
					A803AC261C42962A00B563CB = {
						CreatedOnToolsVersion = 6.4;
					};
				};
			};
			buildConfigurationList = A803AC221C42962A00B563CB /* Build configuration list for PBXProject "HTML MACRONATOR" */;
			compatibilityVersion = "Xcode 3.2";
			developmentRegion = English;
			hasScannedForEncodings = 0;
			knownRegions = (
				en,
			);
			mainGroup = A803AC1E1C42962A00B563CB;
			productRefGroup = A803AC281C42962A00B563CB /* Products */;
			projectDirPath = "";
			projectRoot = "";
			targets = (
				A803AC261C42962A00B563CB /* HTML MACRONATOR */,
			);
		};
/* End PBXProject section */

/* Begin PBXSourcesBuildPhase section */
		A803AC231C42962A00B563CB /* Sources */ = {
			isa = PBXSourcesBuildPhase;
			buildActionMask = 2147483647;
			files = (
				A803AC2B1C42962A00B563CB /* main.cpp in Sources */,
			);
			runOnlyForDeploymentPostprocessing = 0;
		};
/* End PBXSourcesBuildPhase section */

/* Begin XCBuildConfiguration section */
		A803AC2C1C42962A00B563CB /* Debug */ = {
			isa = XCBuildConfiguration;
			buildSettings = {
				ALWAYS_SEARCH_USER_PATHS = NO;
				CLANG_CXX_LANGUAGE_STANDARD = "gnu++0x";
				CLANG_CXX_LIBRARY = "libc++";
				CLANG_ENABLE_MODULES = YES;
				CLANG_ENABLE_OBJC_ARC = YES;
				CLANG_WARN_BOOL_CONVERSION = YES;
				CLANG_WARN_CONSTANT_CONVERSION = YES;
				CLANG_WARN_DIRECT_OBJC_ISA_USAGE = YES_ERROR;
				CLANG_WARN_EMPTY_BODY = YES;
				CLANG_WARN_ENUM_CONVERSION = YES;
				CLANG_WARN_INT_CONVERSION = YES;
				CLANG_WARN_OBJC_ROOT_CLASS = YES_ERROR;
				CLANG_WARN_UNREACHABLE_CODE = YES;
				CLANG_WARN__DUPLICATE_METHOD_MATCH = YES;
				COPY_PHASE_STRIP = NO;
				DEBUG_INFORMATION_FORMAT = dwarf;
				ENABLE_STRICT_OBJC_MSGSEND = YES;
				GCC_C_LANGUAGE_STANDARD = gnu99;
				GCC_DYNAMIC_NO_PIC = NO;
				GCC_NO_COMMON_BLOCKS = YES;
				GCC_OPTIMIZATION_LEVEL = 0;
				GCC_PREPROCESSOR_DEFINITIONS = (
					"DEBUG=1",
					"$(inherited)",
				);
				GCC_SYMBOLS_PRIVATE_EXTERN = NO;
				GCC_WARN_64_TO_32_BIT_CONVERSION = YES;
				GCC_WARN_ABOUT_RETURN_TYPE = YES_ERROR;
				GCC_WARN_UNDECLARED_SELECTOR = YES;
				GCC_WARN_UNINITIALIZED_AUTOS = YES_AGGRESSIVE;
				GCC_WARN_UNUSED_FUNCTION = YES;
				GCC_WARN_UNUSED_VARIABLE = YES;
				MACOSX_DEPLOYMENT_TARGET = 10.11;
				MTL_ENABLE_DEBUG_INFO = YES;
				ONLY_ACTIVE_ARCH = YES;
				SDKROOT = macosx;
			};
			name = Debug;
		};
		A803AC2D1C42962A00B563CB /* Release */ = {
			isa = XCBuildConfiguration;
			buildSettings = {
				ALWAYS_SEARCH_USER_PATHS = NO;
				CLANG_CXX_LANGUAGE_STANDARD = "gnu++0x";
				CLANG_CXX_LIBRARY = "libc++";
				CLANG_ENABLE_MODULES = YES;
				CLANG_ENABLE_OBJC_ARC = YES;
				CLANG_WARN_BOOL_CONVERSION = YES;
				CLANG_WARN_CONSTANT_CONVERSION = YES;
				CLANG_WARN_DIRECT_OBJC_ISA_USAGE = YES_ERROR;
				CLANG_WARN_EMPTY_BODY = YES;
				CLANG_WARN_ENUM_CONVERSION = YES;
				CLANG_WARN_INT_CONVERSION = YES;
				CLANG_WARN_OBJC_ROOT_CLASS = YES_ERROR;
				CLANG_WARN_UNREACHABLE_CODE = YES;
				CLANG_WARN__DUPLICATE_METHOD_MATCH = YES;
				COPY_PHASE_STRIP = NO;
				DEBUG_INFORMATION_FORMAT = "dwarf-with-dsym";
				ENABLE_NS_ASSERTIONS = NO;
				ENABLE_STRICT_OBJC_MSGSEND = YES;
				GCC_C_LANGUAGE_STANDARD = gnu99;
				GCC_NO_COMMON_BLOCKS = YES;
				GCC_WARN_64_TO_32_BIT_CONVERSION = YES;
				GCC_WARN_ABOUT_RETURN_TYPE = YES_ERROR;
				GCC_WARN_UNDECLARED_SELECTOR = YES;
				GCC_WARN_UNINITIALIZED_AUTOS = YES_AGGRESSIVE;
				GCC_WARN_UNUSED_FUNCTION = YES;
				GCC_WARN_UNUSED_VARIABLE = YES;
				MACOSX_DEPLOYMENT_TARGET = 10.11;
				MTL_ENABLE_DEBUG_INFO = NO;
				SDKROOT = macosx;
			};
			name = Release;
		};
		A803AC2F1C42962A00B563CB /* Debug */ = {
			isa = XCBuildConfiguration;
			buildSettings = {
				PRODUCT_NAME = "$(TARGET_NAME)";
			};
			name = Debug;
		};
		A803AC301C42962A00B563CB /* Release */ = {
			isa = XCBuildConfiguration;
			buildSettings = {
				PRODUCT_NAME = "$(TARGET_NAME)";
			};
			name = Release;
		};
/* End XCBuildConfiguration section */

/* Begin XCConfigurationList section */
		A803AC221C42962A00B563CB /* Build configuration list for PBXProject "HTML MACRONATOR" */ = {
			isa = XCConfigurationList;
			buildConfigurations = (
				A803AC2C1C42962A00B563CB /* Debug */,
				A803AC2D1C42962A00B563CB /* Release */,
			);
			defaultConfigurationIsVisible = 0;
			defaultConfigurationName = Release;
		};
		A803AC2E1C42962A00B563CB /* Build configuration list for PBXNativeTarget "HTML MACRONATOR" */ = {
			isa = XCConfigurationList;
			buildConfigurations = (
				A803AC2F1C42962A00B563CB /* Debug */,
				A803AC301C42962A00B563CB /* Release */,
			);
			defaultConfigurationIsVisible = 0;
			defaultConfigurationName = Release;
		};
/* End XCConfigurationList section */
	};
	rootObject = A803AC1F1C42962A00B563CB /* Project object */;
}
